
Microsoft Visual Studio Solution File, Format Version 12.00
# Visual Studio Version 17
VisualStudioVersion = 17.0.31903.59
MinimumVisualStudioVersion = 10.0.40219.1
Project("{9A19103F-16F7-4668-BE54-9A1E7A4F7556}") = "Exam.Entities", "Exam.Entities\Exam.Entities.csproj", "{481905A2-6DEE-45E9-A6BF-853EAFF3ACEB}"
EndProject
Project("{9A19103F-16F7-4668-BE54-9A1E7A4F7556}") = "Exam.Domain", "Exam.Domain\Exam.Domain.csproj", "{149B8C4D-BE13-4803-B89D-98CE50EBAEF9}"
EndProject
Project("{FAE04EC0-301F-11D3-BF4B-00C04F79EFBC}") = "Exam.API", "Exam.API\Exam.API.csproj", "{0413F14C-E5C5-432B-8232-CE249E0B52A4}"
EndProject
Global
	GlobalSection(SolutionConfigurationPlatforms) = preSolution
		Debug|Any CPU = Debug|Any CPU
		Release|Any CPU = Release|Any CPU
	EndGlobalSection
	GlobalSection(ProjectConfigurationPlatforms) = postSolution
		{481905A2-6DEE-45E9-A6BF-853EAFF3ACEB}.Debug|Any CPU.ActiveCfg = Debug|Any CPU
		{481905A2-6DEE-45E9-A6BF-853EAFF3ACEB}.Debug|Any CPU.Build.0 = Debug|Any CPU
		{481905A2-6DEE-45E9-A6BF-853EAFF3ACEB}.Release|Any CPU.ActiveCfg = Release|Any CPU
		{481905A2-6DEE-45E9-A6BF-853EAFF3ACEB}.Release|Any CPU.Build.0 = Release|Any CPU
		{149B8C4D-BE13-4803-B89D-98CE50EBAEF9}.Debug|Any CPU.ActiveCfg = Debug|Any CPU
		{149B8C4D-BE13-4803-B89D-98CE50EBAEF9}.Debug|Any CPU.Build.0 = Debug|Any CPU
		{149B8C4D-BE13-4803-B89D-98CE50EBAEF9}.Release|Any CPU.ActiveCfg = Release|Any CPU
		{149B8C4D-BE13-4803-B89D-98CE50EBAEF9}.Release|Any CPU.Build.0 = Release|Any CPU
		{0413F14C-E5C5-432B-8232-CE249E0B52A4}.Debug|Any CPU.ActiveCfg = Debug|Any CPU
		{0413F14C-E5C5-432B-8232-CE249E0B52A4}.Debug|Any CPU.Build.0 = Debug|Any CPU
		{0413F14C-E5C5-432B-8232-CE249E0B52A4}.Release|Any CPU.ActiveCfg = Release|Any CPU
		{0413F14C-E5C5-432B-8232-CE249E0B52A4}.Release|Any CPU.Build.0 = Release|Any CPU
	EndGlobalSection
	GlobalSection(SolutionProperties) = preSolution
		HideSolutionNode = FALSE
	EndGlobalSection
	GlobalSection(ExtensibilityGlobals) = postSolution
		SolutionGuid = {7049A257-4483-40D7-B313-78660AE4BADE}
	EndGlobalSection
EndGlobal
